Microsoft Visual Studio Solution File, Format Version 12.00
# Visual Studio Version 17
VisualStudioVersion = 17.5.2.0
MinimumVisualStudioVersion = 10.0.40219.1
Project("{FAE04EC0-301F-11D3-BF4B-00C04F79EFBC}") = "VtubeStudioAdapter", "VtubeStudioAdapter.csproj", "{766E7F4B-1FFD-0E62-C660-F7E107A51DAC}"
EndProject
Global
	GlobalSection(SolutionConfigurationPlatforms) = preSolution
		Debug|Any CPU = Debug|Any CPU
		Release|Any CPU = Release|Any CPU
	EndGlobalSection
	GlobalSection(ProjectConfigurationPlatforms) = postSolution
		{766E7F4B-1FFD-0E62-C660-F7E107A51DAC}.Debug|Any CPU.ActiveCfg = Debug|Any CPU
		{766E7F4B-1FFD-0E62-C660-F7E107A51DAC}.Debug|Any CPU.Build.0 = Debug|Any CPU
		{766E7F4B-1FFD-0E62-C660-F7E107A51DAC}.Release|Any CPU.ActiveCfg = Release|Any CPU
		{766E7F4B-1FFD-0E62-C660-F7E107A51DAC}.Release|Any CPU.Build.0 = Release|Any CPU
	EndGlobalSection
	GlobalSection(SolutionProperties) = preSolution
		HideSolutionNode = FALSE
	EndGlobalSection
	GlobalSection(ExtensibilityGlobals) = postSolution
		SolutionGuid = {7975C7A7-E476-4850-AD31-D1E6F743CEF3}
	EndGlobalSection
EndGlobal
